
Microsoft Visual Studio Solution File, Format Version 12.00
# Visual Studio 2012
Project("{F2A71F9B-5D33-465A-A702-920D77279786}") = "FileHasher", "FileHasher\FileHasher.fsproj", "{2465C4F0-C5B5-40F6-BA57-E5A1EA92F65F}"
EndProject
Global
	GlobalSection(SolutionConfigurationPlatforms) = preSolution
		Debug|Any CPU = Debug|Any CPU
		Release|Any CPU = Release|Any CPU
	EndGlobalSection
	GlobalSection(ProjectConfigurationPlatforms) = postSolution
		{2465C4F0-C5B5-40F6-BA57-E5A1EA92F65F}.Debug|Any CPU.ActiveCfg = Debug|Any CPU
		{2465C4F0-C5B5-40F6-BA57-E5A1EA92F65F}.Debug|Any CPU.Build.0 = Debug|Any CPU
		{2465C4F0-C5B5-40F6-BA57-E5A1EA92F65F}.Release|Any CPU.ActiveCfg = Release|Any CPU
		{2465C4F0-C5B5-40F6-BA57-E5A1EA92F65F}.Release|Any CPU.Build.0 = Release|Any CPU
	EndGlobalSection
	GlobalSection(SolutionProperties) = preSolution
		HideSolutionNode = FALSE
	EndGlobalSection
EndGlobal
